
Microsoft Visual Studio Solution File, Format Version 12.00
# Visual Studio 15
VisualStudioVersion = 15.0.27428.2027
MinimumVisualStudioVersion = 10.0.40219.1
Project("{FAE04EC0-301F-11D3-BF4B-00C04F79EFBC}") = "AprendicesMVVM.Android", "AprendicesMVVM\AprendicesMVVM.Android\AprendicesMVVM.Android.csproj", "{12AAD84D-A79D-446F-8775-5512426E0058}"
EndProject
Project("{FAE04EC0-301F-11D3-BF4B-00C04F79EFBC}") = "AprendicesMVVM.iOS", "AprendicesMVVM\AprendicesMVVM.iOS\AprendicesMVVM.iOS.csproj", "{E987769F-6CFC-4538-A9D8-86B559CFB3D0}"
EndProject
Project("{FAE04EC0-301F-11D3-BF4B-00C04F79EFBC}") = "AprendicesMVVM", "AprendicesMVVM\AprendicesMVVM\AprendicesMVVM.csproj", "{B335C7A0-80CF-44FC-8BB9-A6AA7E0C49F3}"
EndProject
Global
	GlobalSection(SolutionConfigurationPlatforms) = preSolution
		Ad-Hoc|Any CPU = Ad-Hoc|Any CPU
		Ad-Hoc|iPhone = Ad-Hoc|iPhone
		Ad-Hoc|iPhoneSimulator = Ad-Hoc|iPhoneSimulator
		AppStore|Any CPU = AppStore|Any CPU
		AppStore|iPhone = AppStore|iPhone
		AppStore|iPhoneSimulator = AppStore|iPhoneSimulator
		Debug|Any CPU = Debug|Any CPU
		Debug|iPhone = Debug|iPhone
		Debug|iPhoneSimulator = Debug|iPhoneSimulator
		Release|Any CPU = Release|Any CPU
		Release|iPhone = Release|iPhone
		Release|iPhoneSimulator = Release|iPhoneSimulator
	EndGlobalSection
	GlobalSection(ProjectConfigurationPlatforms) = postSolution
		{12AAD84D-A79D-446F-8775-5512426E0058}.Ad-Hoc|Any CPU.ActiveCfg = Release|Any CPU
		{12AAD84D-A79D-446F-8775-5512426E0058}.Ad-Hoc|Any CPU.Build.0 = Release|Any CPU
		{12AAD84D-A79D-446F-8775-5512426E0058}.Ad-Hoc|Any CPU.Deploy.0 = Release|Any CPU
		{12AAD84D-A79D-446F-8775-5512426E0058}.Ad-Hoc|iPhone.ActiveCfg = Release|Any CPU
		{12AAD84D-A79D-446F-8775-5512426E0058}.Ad-Hoc|iPhone.Build.0 = Release|Any CPU
		{12AAD84D-A79D-446F-8775-5512426E0058}.Ad-Hoc|iPhone.Deploy.0 = Release|Any CPU
		{12AAD84D-A79D-446F-8775-5512426E0058}.Ad-Hoc|iPhoneSimulator.ActiveCfg = Release|Any CPU
		{12AAD84D-A79D-446F-8775-5512426E0058}.Ad-Hoc|iPhoneSimulator.Build.0 = Release|Any CPU
		{12AAD84D-A79D-446F-8775-5512426E0058}.Ad-Hoc|iPhoneSimulator.Deploy.0 = Release|Any CPU
		{12AAD84D-A79D-446F-8775-5512426E0058}.AppStore|Any CPU.ActiveCfg = Release|Any CPU
		{12AAD84D-A79D-446F-8775-5512426E0058}.AppStore|Any CPU.Build.0 = Release|Any CPU
		{12AAD84D-A79D-446F-8775-5512426E0058}.AppStore|Any CPU.Deploy.0 = Release|Any CPU
		{12AAD84D-A79D-446F-8775-5512426E0058}.AppStore|iPhone.ActiveCfg = Release|Any CPU
		{12AAD84D-A79D-446F-8775-5512426E0058}.AppStore|iPhone.Build.0 = Release|Any CPU
		{12AAD84D-A79D-446F-8775-5512426E0058}.AppStore|iPhone.Deploy.0 = Release|Any CPU
		{12AAD84D-A79D-446F-8775-5512426E0058}.AppStore|iPhoneSimulator.ActiveCfg = Release|Any CPU
		{12AAD84D-A79D-446F-8775-5512426E0058}.AppStore|iPhoneSimulator.Build.0 = Release|Any CPU
		{12AAD84D-A79D-446F-8775-5512426E0058}.AppStore|iPhoneSimulator.Deploy.0 = Release|Any CPU
		{12AAD84D-A79D-446F-8775-5512426E0058}.Debug|Any CPU.ActiveCfg = Debug|Any CPU
		{12AAD84D-A79D-446F-8775-5512426E0058}.Debug|Any CPU.Build.0 = Debug|Any CPU
		{12AAD84D-A79D-446F-8775-5512426E0058}.Debug|Any CPU.Deploy.0 = Debug|Any CPU
		{12AAD84D-A79D-446F-8775-5512426E0058}.Debug|iPhone.ActiveCfg = Debug|Any CPU
		{12AAD84D-A79D-446F-8775-5512426E0058}.Debug|iPhone.Build.0 = Debug|Any CPU
		{12AAD84D-A79D-446F-8775-5512426E0058}.Debug|iPhone.Deploy.0 = Debug|Any CPU
		{12AAD84D-A79D-446F-8775-5512426E0058}.Debug|iPhoneSimulator.ActiveCfg = Debug|Any CPU
		{12AAD84D-A79D-446F-8775-5512426E0058}.Debug|iPhoneSimulator.Build.0 = Debug|Any CPU
		{12AAD84D-A79D-446F-8775-5512426E0058}.Debug|iPhoneSimulator.Deploy.0 = Debug|Any CPU
		{12AAD84D-A79D-446F-8775-5512426E0058}.Release|Any CPU.ActiveCfg = Release|Any CPU
		{12AAD84D-A79D-446F-8775-5512426E0058}.Release|Any CPU.Build.0 = Release|Any CPU
		{12AAD84D-A79D-446F-8775-5512426E0058}.Release|Any CPU.Deploy.0 = Release|Any CPU
		{12AAD84D-A79D-446F-8775-5512426E0058}.Release|iPhone.ActiveCfg = Release|Any CPU
		{12AAD84D-A79D-446F-8775-5512426E0058}.Release|iPhone.Build.0 = Release|Any CPU
		{12AAD84D-A79D-446F-8775-5512426E0058}.Release|iPhone.Deploy.0 = Release|Any CPU
		{12AAD84D-A79D-446F-8775-5512426E0058}.Release|iPhoneSimulator.ActiveCfg = Release|Any CPU
		{12AAD84D-A79D-446F-8775-5512426E0058}.Release|iPhoneSimulator.Build.0 = Release|Any CPU
		{12AAD84D-A79D-446F-8775-5512426E0058}.Release|iPhoneSimulator.Deploy.0 = Release|Any CPU
		{E987769F-6CFC-4538-A9D8-86B559CFB3D0}.Ad-Hoc|Any CPU.ActiveCfg = Ad-Hoc|iPhone
		{E987769F-6CFC-4538-A9D8-86B559CFB3D0}.Ad-Hoc|iPhone.ActiveCfg = Ad-Hoc|iPhone
		{E987769F-6CFC-4538-A9D8-86B559CFB3D0}.Ad-Hoc|iPhone.Build.0 = Ad-Hoc|iPhone
		{E987769F-6CFC-4538-A9D8-86B559CFB3D0}.Ad-Hoc|iPhoneSimulator.ActiveCfg = Ad-Hoc|iPhoneSimulator
		{E987769F-6CFC-4538-A9D8-86B559CFB3D0}.Ad-Hoc|iPhoneSimulator.Build.0 = Ad-Hoc|iPhoneSimulator
		{E987769F-6CFC-4538-A9D8-86B559CFB3D0}.AppStore|Any CPU.ActiveCfg = AppStore|iPhone
		{E987769F-6CFC-4538-A9D8-86B559CFB3D0}.AppStore|iPhone.ActiveCfg = AppStore|iPhone
		{E987769F-6CFC-4538-A9D8-86B559CFB3D0}.AppStore|iPhone.Build.0 = AppStore|iPhone
		{E987769F-6CFC-4538-A9D8-86B559CFB3D0}.AppStore|iPhoneSimulator.ActiveCfg = AppStore|iPhoneSimulator
		{E987769F-6CFC-4538-A9D8-86B559CFB3D0}.AppStore|iPhoneSimulator.Build.0 = AppStore|iPhoneSimulator
		{E987769F-6CFC-4538-A9D8-86B559CFB3D0}.Debug|Any CPU.ActiveCfg = Debug|iPhone
		{E987769F-6CFC-4538-A9D8-86B559CFB3D0}.Debug|iPhone.ActiveCfg = Debug|iPhone
		{E987769F-6CFC-4538-A9D8-86B559CFB3D0}.Debug|iPhone.Build.0 = Debug|iPhone
		{E987769F-6CFC-4538-A9D8-86B559CFB3D0}.Debug|iPhoneSimulator.ActiveCfg = Debug|iPhoneSimulator
		{E987769F-6CFC-4538-A9D8-86B559CFB3D0}.Debug|iPhoneSimulator.Build.0 = Debug|iPhoneSimulator
		{E987769F-6CFC-4538-A9D8-86B559CFB3D0}.Release|Any CPU.ActiveCfg = Release|iPhone
		{E987769F-6CFC-4538-A9D8-86B559CFB3D0}.Release|iPhone.ActiveCfg = Release|iPhone
		{E987769F-6CFC-4538-A9D8-86B559CFB3D0}.Release|iPhone.Build.0 = Release|iPhone
		{E987769F-6CFC-4538-A9D8-86B559CFB3D0}.Release|iPhoneSimulator.ActiveCfg = Release|iPhoneSimulator
		{E987769F-6CFC-4538-A9D8-86B559CFB3D0}.Release|iPhoneSimulator.Build.0 = Release|iPhoneSimulator
		{B335C7A0-80CF-44FC-8BB9-A6AA7E0C49F3}.Ad-Hoc|Any CPU.ActiveCfg = Debug|Any CPU
		{B335C7A0-80CF-44FC-8BB9-A6AA7E0C49F3}.Ad-Hoc|Any CPU.Build.0 = Debug|Any CPU
		{B335C7A0-80CF-44FC-8BB9-A6AA7E0C49F3}.Ad-Hoc|iPhone.ActiveCfg = Debug|Any CPU
		{B335C7A0-80CF-44FC-8BB9-A6AA7E0C49F3}.Ad-Hoc|iPhone.Build.0 = Debug|Any CPU
		{B335C7A0-80CF-44FC-8BB9-A6AA7E0C49F3}.Ad-Hoc|iPhoneSimulator.ActiveCfg = Debug|Any CPU
		{B335C7A0-80CF-44FC-8BB9-A6AA7E0C49F3}.Ad-Hoc|iPhoneSimulator.Build.0 = Debug|Any CPU
		{B335C7A0-80CF-44FC-8BB9-A6AA7E0C49F3}.AppStore|Any CPU.ActiveCfg = Debug|Any CPU
		{B335C7A0-80CF-44FC-8BB9-A6AA7E0C49F3}.AppStore|Any CPU.Build.0 = Debug|Any CPU
		{B335C7A0-80CF-44FC-8BB9-A6AA7E0C49F3}.AppStore|iPhone.ActiveCfg = Debug|Any CPU
		{B335C7A0-80CF-44FC-8BB9-A6AA7E0C49F3}.AppStore|iPhone.Build.0 = Debug|Any CPU
		{B335C7A0-80CF-44FC-8BB9-A6AA7E0C49F3}.AppStore|iPhoneSimulator.ActiveCfg = Debug|Any CPU
		{B335C7A0-80CF-44FC-8BB9-A6AA7E0C49F3}.AppStore|iPhoneSimulator.Build.0 = Debug|Any CPU
		{B335C7A0-80CF-44FC-8BB9-A6AA7E0C49F3}.Debug|Any CPU.ActiveCfg = Debug|Any CPU
		{B335C7A0-80CF-44FC-8BB9-A6AA7E0C49F3}.Debug|Any CPU.Build.0 = Debug|Any CPU
		{B335C7A0-80CF-44FC-8BB9-A6AA7E0C49F3}.Debug|iPhone.ActiveCfg = Debug|Any CPU
		{B335C7A0-80CF-44FC-8BB9-A6AA7E0C49F3}.Debug|iPhone.Build.0 = Debug|Any CPU
		{B335C7A0-80CF-44FC-8BB9-A6AA7E0C49F3}.Debug|iPhoneSimulator.ActiveCfg = Debug|Any CPU
		{B335C7A0-80CF-44FC-8BB9-A6AA7E0C49F3}.Debug|iPhoneSimulator.Build.0 = Debug|Any CPU
		{B335C7A0-80CF-44FC-8BB9-A6AA7E0C49F3}.Release|Any CPU.ActiveCfg = Release|Any CPU
		{B335C7A0-80CF-44FC-8BB9-A6AA7E0C49F3}.Release|Any CPU.Build.0 = Release|Any CPU
		{B335C7A0-80CF-44FC-8BB9-A6AA7E0C49F3}.Release|iPhone.ActiveCfg = Release|Any CPU
		{B335C7A0-80CF-44FC-8BB9-A6AA7E0C49F3}.Release|iPhone.Build.0 = Release|Any CPU
		{B335C7A0-80CF-44FC-8BB9-A6AA7E0C49F3}.Release|iPhoneSimulator.ActiveCfg = Release|Any CPU
		{B335C7A0-80CF-44FC-8BB9-A6AA7E0C49F3}.Release|iPhoneSimulator.Build.0 = Release|Any CPU
	EndGlobalSection
	GlobalSection(SolutionProperties) = preSolution
		HideSolutionNode = FALSE
	EndGlobalSection
	GlobalSection(ExtensibilityGlobals) = postSolution
		SolutionGuid = {E43BD651-DD81-44AC-8B5A-39BCDFB6F63C}
	EndGlobalSection
EndGlobal
